
Microsoft Visual Studio Solution File, Format Version 12.00
# Visual Studio Version 16
VisualStudioVersion = 16.0.31019.35
MinimumVisualStudioVersion = 10.0.40219.1
Project("{FAE04EC0-301F-11D3-BF4B-00C04F79EFBC}") = "S3CRUDOperation", "S3CRUDOperation\S3CRUDOperation.csproj", "{542183F4-7B33-4556-891A-7F926AA68D5D}"
EndProject
Global
	GlobalSection(SolutionConfigurationPlatforms) = preSolution
		Debug|Any CPU = Debug|Any CPU
		Release|Any CPU = Release|Any CPU
	EndGlobalSection
	GlobalSection(ProjectConfigurationPlatforms) = postSolution
		{542183F4-7B33-4556-891A-7F926AA68D5D}.Debug|Any CPU.ActiveCfg = Debug|Any CPU
		{542183F4-7B33-4556-891A-7F926AA68D5D}.Debug|Any CPU.Build.0 = Debug|Any CPU
		{542183F4-7B33-4556-891A-7F926AA68D5D}.Release|Any CPU.ActiveCfg = Release|Any CPU
		{542183F4-7B33-4556-891A-7F926AA68D5D}.Release|Any CPU.Build.0 = Release|Any CPU
	EndGlobalSection
	GlobalSection(SolutionProperties) = preSolution
		HideSolutionNode = FALSE
	EndGlobalSection
	GlobalSection(ExtensibilityGlobals) = postSolution
		SolutionGuid = {FCE631CD-068F-4967-A348-5F12B51B5410}
	EndGlobalSection
EndGlobal
